
Microsoft Visual Studio Solution File, Format Version 12.00
# Visual Studio Version 16
VisualStudioVersion = 16.0.30114.105
MinimumVisualStudioVersion = 10.0.40219.1
Project("{F2A71F9B-5D33-465A-A702-920D77279786}") = "AkkaMUD", "AkkaMUD\AkkaMUD.fsproj", "{DDEBCF27-2377-4ED5-B4E5-FFA6B70EB27B}"
EndProject
Global
	GlobalSection(SolutionConfigurationPlatforms) = preSolution
		Debug|Any CPU = Debug|Any CPU
		Release|Any CPU = Release|Any CPU
	EndGlobalSection
	GlobalSection(SolutionProperties) = preSolution
		HideSolutionNode = FALSE
	EndGlobalSection
	GlobalSection(ProjectConfigurationPlatforms) = postSolution
		{DDEBCF27-2377-4ED5-B4E5-FFA6B70EB27B}.Debug|Any CPU.ActiveCfg = Debug|Any CPU
		{DDEBCF27-2377-4ED5-B4E5-FFA6B70EB27B}.Debug|Any CPU.Build.0 = Debug|Any CPU
		{DDEBCF27-2377-4ED5-B4E5-FFA6B70EB27B}.Release|Any CPU.ActiveCfg = Release|Any CPU
		{DDEBCF27-2377-4ED5-B4E5-FFA6B70EB27B}.Release|Any CPU.Build.0 = Release|Any CPU
	EndGlobalSection
EndGlobal
